
Microsoft Visual Studio Solution File, Format Version 12.00
# Visual Studio 15
VisualStudioVersion = 15.0.27130.2020
MinimumVisualStudioVersion = 10.0.40219.1
Project("{FAE04EC0-301F-11D3-BF4B-00C04F79EFBC}") = "RuleofThirds", "RuleofThirds\RuleofThirds.csproj", "{9F192C77-D832-499B-BA03-C5F9F6AC1E4B}"
EndProject
Global
	GlobalSection(SolutionConfigurationPlatforms) = preSolution
		Debug|Any CPU = Debug|Any CPU
		Release|Any CPU = Release|Any CPU
	EndGlobalSection
	GlobalSection(ProjectConfigurationPlatforms) = postSolution
		{9F192C77-D832-499B-BA03-C5F9F6AC1E4B}.Debug|Any CPU.ActiveCfg = Debug|Any CPU
		{9F192C77-D832-499B-BA03-C5F9F6AC1E4B}.Debug|Any CPU.Build.0 = Debug|Any CPU
		{9F192C77-D832-499B-BA03-C5F9F6AC1E4B}.Release|Any CPU.ActiveCfg = Release|Any CPU
		{9F192C77-D832-499B-BA03-C5F9F6AC1E4B}.Release|Any CPU.Build.0 = Release|Any CPU
	EndGlobalSection
	GlobalSection(SolutionProperties) = preSolution
		HideSolutionNode = FALSE
	EndGlobalSection
	GlobalSection(ExtensibilityGlobals) = postSolution
		SolutionGuid = {A254F464-72B2-413A-B9CE-0E0F5CD0FF5F}
	EndGlobalSection
EndGlobal
